# Generated by pub
# See http://pub.dartlang.org/doc/glossary.html#lockfile
packages:
  analyzer:
    description: analyzer
    source: hosted
    version: "0.14.2"
  args:
    description: args
    source: hosted
    version: "0.10.0+2"
  bot:
    description: bot
    source: hosted
    version: "0.26.2"
  bot_io:
    description: bot_io
    source: hosted
    version: "0.26.1+2"
  collection:
    description: collection
    source: hosted
    version: "0.9.4"
  completion:
    description: completion
    source: hosted
    version: "0.1.2+3"
  crypto:
    description: crypto
    source: hosted
    version: "0.9.0"
  csslib:
    description: csslib
    source: hosted
    version: "0.10.0+1"
  git:
    description: git
    source: hosted
    version: "0.3.0+1"
  hop:
    description: hop
    source: hosted
    version: "0.30.4+2"
  hop_docgen:
    description: hop_docgen
    source: hosted
    version: "0.1.2+2"
  html5lib:
    description: html5lib
    source: hosted
    version: "0.11.0+1"
  json:
    description: json
    source: hosted
    version: "0.10.0"
  logging:
    description: logging
    source: hosted
    version: "0.9.1+1"
  matcher:
    description: matcher
    source: hosted
    version: "0.10.1+1"
  mock:
    description: mock
    source: hosted
    version: "0.10.0+1"
  options_file:
    description: options_file
    source: hosted
    version: "0.9.15"
  orm:
    description:
      ref: null
      resolved-ref: "6e56e3c8244fe0737adcb9de7e9ee8fd79247581"
      url: "git://github.com/k4rr1m/dart-orm"
    source: git
    version: "0.0.2"
  path:
    description: path
    source: hosted
    version: "1.2.1"
  serialization:
    description: serialization
    source: hosted
    version: "0.9.1"
  source_maps:
    description: source_maps
    source: hosted
    version: "0.9.3"
  sqljocky:
    description: sqljocky
    source: hosted
    version: "0.11.0"
  stack_trace:
    description: stack_trace
    source: hosted
    version: "0.9.3+2"
  unittest:
    description: unittest
    source: hosted
    version: "0.10.1+2"
  utf:
    description: utf
    source: hosted
    version: "0.9.0"
  utils:
    description:
      ref: null
      resolved-ref: "98ec6067c055e8d2359ace74a23d0665fc4ba941"
      url: "git://github.com/k4rr1m/dart-utils"
    source: git
    version: "0.0.0"
